{
  "name": "clipman",
  "version": "1.0.1",
  "lockfileVersion": 1,
  "requires": true,
  "dependencies": {
    "@types/lodash": {
      "version": "4.14.149",
      "resolved": "https://registry.npmjs.org/@types/lodash/-/lodash-4.14.149.tgz",
      "integrity": "sha512-ijGqzZt/b7BfzcK9vTrS6MFljQRPn5BFWOx8oE0GYxribu6uV+aA9zZuXI1zc/etK9E8nrgdoF2+LgUw7+9tJQ=="
    },
    "@types/lodash.includes": {
      "version": "4.3.6",
      "resolved": "https://registry.npmjs.org/@types/lodash.includes/-/lodash.includes-4.3.6.tgz",
      "integrity": "sha512-YzujoN0s409VTzdsQc7JYa7jHGV9YuYhGWIhzuEaZNSCKFuJD636tghbjq7R9xdjjbTnmiDeV/DnCurVSxVVxQ==",
      "requires": {
        "@types/lodash": "*"
      }
    },
    "@types/lodash.set": {
      "version": "4.3.6",
      "resolved": "https://registry.npmjs.org/@types/lodash.set/-/lodash.set-4.3.6.tgz",
      "integrity": "sha512-ZeGDDlnRYTvS31Laij0RsSaguIUSBTYIlJFKL3vm3T2OAZAQj2YpSvVWJc0WiG4jqg9fGX6PAPGvDqBcHfSgFg==",
      "requires": {
        "@types/lodash": "*"
      }
    },
    "@types/node": {
      "version": "13.7.1",
      "resolved": "https://registry.npmjs.org/@types/node/-/node-13.7.1.tgz",
      "integrity": "sha512-Zq8gcQGmn4txQEJeiXo/KiLpon8TzAl0kmKH4zdWctPj05nWwp1ClMdAVEloqrQKfaC48PNLdgN/aVaLqUrluA==",
      "dev": true
    },
    "@types/node-notifier": {
      "version": "5.4.0",
      "resolved": "https://registry.npmjs.org/@types/node-notifier/-/node-notifier-5.4.0.tgz",
      "integrity": "sha512-M1XvCG6Rwej6+W0+kWultE46YS7erOy+W7suRmXtKwLGT3ytj6YEe9lqo47nRfL1xILzg9xJpKeNczIsWR8ymw==",
      "dev": true,
      "requires": {
        "@types/node": "*"
      }
    },
    "clipop": {
      "version": "1.0.3",
      "resolved": "https://registry.npmjs.org/clipop/-/clipop-1.0.3.tgz",
      "integrity": "sha512-PCpGwuDWQ6nswsXLXbMc68CxzuSVkmu6XnV2R3+lyRnH18T7eWeUTZ304aVCFEiJZAvmDU21HKlzc/FYYHTvTw==",
      "requires": {
        "@types/lodash.includes": "^4.3.6",
        "@types/lodash.set": "^4.3.6",
        "lodash.includes": "^4.3.0",
        "lodash.set": "^4.3.2"
      }
    },
    "colors": {
      "version": "1.4.0",
      "resolved": "https://registry.npmjs.org/colors/-/colors-1.4.0.tgz",
      "integrity": "sha512-a+UqTh4kgZg/SlGvfbzDHpgRu7AAQOmmqRHJnxhRZICKFUT91brVhNNt58CMWU9PsBbv3PDCZUHbVxuDiH2mtA=="
    },
    "growly": {
      "version": "1.3.0",
      "resolved": "https://registry.npmjs.org/growly/-/growly-1.3.0.tgz",
      "integrity": "sha1-8QdIy+dq+WS3yWyTxrzCivEgwIE="
    },
    "is-wsl": {
      "version": "2.1.1",
      "resolved": "https://registry.npmjs.org/is-wsl/-/is-wsl-2.1.1.tgz",
      "integrity": "sha512-umZHcSrwlDHo2TGMXv0DZ8dIUGunZ2Iv68YZnrmCiBPkZ4aaOhtv7pXJKeki9k3qJ3RJr0cDyitcl5wEH3AYog=="
    },
    "isexe": {
      "version": "2.0.0",
      "resolved": "https://registry.npmjs.org/isexe/-/isexe-2.0.0.tgz",
      "integrity": "sha1-6PvzdNxVb/iUehDcsFctYz8s+hA="
    },
    "lodash": {
      "version": "4.17.15",
      "resolved": "https://registry.npmjs.org/lodash/-/lodash-4.17.15.tgz",
      "integrity": "sha512-8xOcRHvCjnocdS5cpwXQXVzmmh5e5+saE2QGoeQmbKmRS6J3VQppPOIt0MnmE+4xlZoumy0GPG0D0MVIQbNA1A=="
    },
    "lodash.includes": {
      "version": "4.3.0",
      "resolved": "https://registry.npmjs.org/lodash.includes/-/lodash.includes-4.3.0.tgz",
      "integrity": "sha1-YLuYqHy5I8aMoeUTJUgzFISfVT8="
    },
    "lodash.set": {
      "version": "4.3.2",
      "resolved": "https://registry.npmjs.org/lodash.set/-/lodash.set-4.3.2.tgz",
      "integrity": "sha1-2HV7HagH3eJIFrDWqEvqGnYjCyM="
    },
    "node-notifier": {
      "version": "6.0.0",
      "resolved": "https://registry.npmjs.org/node-notifier/-/node-notifier-6.0.0.tgz",
      "integrity": "sha512-SVfQ/wMw+DesunOm5cKqr6yDcvUTDl/yc97ybGHMrteNEY6oekXpNpS3lZwgLlwz0FLgHoiW28ZpmBHUDg37cw==",
      "requires": {
        "growly": "^1.3.0",
        "is-wsl": "^2.1.1",
        "semver": "^6.3.0",
        "shellwords": "^0.1.1",
        "which": "^1.3.1"
      }
    },
    "semver": {
      "version": "6.3.0",
      "resolved": "https://registry.npmjs.org/semver/-/semver-6.3.0.tgz",
      "integrity": "sha512-b39TBaTSfV6yBrapU89p5fKekE2m/NwnDocOVruQFS1/veMgdzuPcnOM34M6CwxW8jH/lxEa5rBoDeUwu5HHTw=="
    },
    "shellwords": {
      "version": "0.1.1",
      "resolved": "https://registry.npmjs.org/shellwords/-/shellwords-0.1.1.tgz",
      "integrity": "sha512-vFwSUfQvqybiICwZY5+DAWIPLKsWO31Q91JSKl3UYv+K5c2QRPzn0qzec6QPu1Qc9eHYItiP3NdJqNVqetYAww=="
    },
    "typescript": {
      "version": "3.7.5",
      "resolved": "https://registry.npmjs.org/typescript/-/typescript-3.7.5.tgz",
      "integrity": "sha512-/P5lkRXkWHNAbcJIiHPfRoKqyd7bsyCma1hZNUGfn20qm64T6ZBlrzprymeu918H+mB/0rIg2gGK/BXkhhYgBw==",
      "dev": true
    },
    "which": {
      "version": "1.3.1",
      "resolved": "https://registry.npmjs.org/which/-/which-1.3.1.tgz",
      "integrity": "sha512-HxJdYWq1MTIQbJ3nw0cqssHoTNU267KlrDuGZ1WYlxDStUtKUhOaJmh112/TZmHxxUfuJqPXSOm7tDyas0OSIQ==",
      "requires": {
        "isexe": "^2.0.0"
      }
    }
  }
}
